# @generated by Move, please check-in and do not edit manually.

[move]
version = 0
manifest_digest = "C57CDF8EB7AD1E78261E4443978900EC18EA88A6CC7985BB01AE1692AD776D32"
deps_digest = "060AD7E57DFB13104F21BE5F5C3759D03F0553FC3229247D9A7A6B45F50D03A3"

dependencies = [
  { name = "MoveStdlib" },
  { name = "Sui" },
  { name = "util_package" },
]

[[move.package]]
name = "MoveStdlib"
source = { local = "G:\\autoChess\\move_split\\move-stdlib" }

[[move.package]]
name = "Sui"
source = { local = "G:\\autoChess\\move_split\\sui-framework" }

dependencies = [
  { name = "MoveStdlib" },
]

[[move.package]]
name = "util_package"
source = { local = "G:\\autoChess\\move_split\\util_package" }

dependencies = [
  { name = "MoveStdlib" },
  { name = "Sui" },
]

[move.toolchain-version]
compiler-version = "1.20.0"
edition = "legacy"
flavor = "sui"
