# @generated by Move, please check-in and do not edit manually.

[move]
version = 0
manifest_digest = "24084F72268BEA0E0CD3CF4F419185056C732F5C56F08F0DF1343CA17E5ADD67"
deps_digest = "397E6A9F7A624706DBDFEE056CE88391A15876868FD18A88504DA74EB458D697"

dependencies = [
  { name = "MoveStdlib" },
  { name = "Sui" },
  { name = "lineup_package" },
  { name = "role_package" },
  { name = "util_package" },
]

[[move.package]]
name = "MoveStdlib"
source = { local = "G:\\autoChess\\move_split\\move-stdlib" }

[[move.package]]
name = "Sui"
source = { local = "G:\\autoChess\\move_split\\sui-framework" }

dependencies = [
  { name = "MoveStdlib" },
]

[[move.package]]
name = "lineup_package"
source = { local = "G:\\autoChess\\myMoveVersion\\myMoveVersion\\lineup_package" }

dependencies = [
  { name = "MoveStdlib" },
  { name = "Sui" },
  { name = "role_package" },
  { name = "util_package" },
]

[[move.package]]
name = "role_package"
source = { local = "G:\\autoChess\\myMoveVersion\\myMoveVersion\\role_package" }

dependencies = [
  { name = "MoveStdlib" },
  { name = "Sui" },
  { name = "util_package" },
]

[[move.package]]
name = "util_package"
source = { local = "G:\\autoChess\\myMoveVersion\\myMoveVersion\\util_package" }

dependencies = [
  { name = "MoveStdlib" },
  { name = "Sui" },
]
