# @generated by Move, please check-in and do not edit manually.

[move]
version = 0
manifest_digest = "0A2F5997897B104DD86E5DFF79043548BC731F09224DBD5EA5EAA68394583578"
deps_digest = "060AD7E57DFB13104F21BE5F5C3759D03F0553FC3229247D9A7A6B45F50D03A3"

dependencies = [
  { name = "MoveStdlib" },
  { name = "Sui" },
  { name = "util_package" },
]

[[move.package]]
name = "MoveStdlib"
source = { local = "G:\\autoChess\\move_split\\move-stdlib" }

[[move.package]]
name = "Sui"
source = { local = "G:\\autoChess\\move_split\\sui-framework" }

dependencies = [
  { name = "MoveStdlib" },
]

[[move.package]]
name = "util_package"
source = { local = "G:\\autoChess\\myMoveVersion\\myMoveVersion\\util_package" }

dependencies = [
  { name = "MoveStdlib" },
  { name = "Sui" },
]
