# @generated by Move, please check-in and do not edit manually.

[move]
version = 0
manifest_digest = "53DF4979C9B352869CD2A7FD4B73B816EF85B619D2A99932A098B530865DF43F"
deps_digest = "060AD7E57DFB13104F21BE5F5C3759D03F0553FC3229247D9A7A6B45F50D03A3"

dependencies = [
  { name = "MoveStdlib" },
  { name = "Sui" },
  { name = "util_package" },
]

[[move.package]]
name = "MoveStdlib"
source = { local = "/Users/siminxie/sui_dev/autoChess/myMoveVersion/move-stdlib" }

[[move.package]]
name = "Sui"
source = { local = "/Users/siminxie/sui_dev/autoChess/myMoveVersion/sui-framework" }

dependencies = [
  { name = "MoveStdlib" },
]

[[move.package]]
name = "util_package"
source = { local = "/Users/siminxie/sui_dev/autoChess/myMoveVersion/util_package" }

dependencies = [
  { name = "MoveStdlib" },
  { name = "Sui" },
]

[move.toolchain-version]
compiler-version = "1.18.0"
edition = "legacy"
flavor = "sui"
