# @generated by Move, please check-in and do not edit manually.

[move]
version = 0
manifest_digest = "61A27778A104665A48BB91C0488EED8AD6FB620D1B1C70939A1CF511FF1D11DA"
deps_digest = "F9B494B64F0615AED0E98FC12A85B85ECD2BC5185C22D30E7F67786BB52E507C"

dependencies = [
  { name = "MoveStdlib" },
  { name = "Sui" },
  { name = "role_packagev2" },
  { name = "util_packagev2" },
]

[[move.package]]
name = "MoveStdlib"
source = { local = "G:\\autoChess\\framework\\move-stdlib" }

[[move.package]]
name = "Sui"
source = { local = "G:\\autoChess\\framework\\sui-framework" }

dependencies = [
  { name = "MoveStdlib" },
]

[[move.package]]
name = "role_packagev2"
source = { local = "G:\\autoChess\\move_v2\\role_package" }

dependencies = [
  { name = "MoveStdlib" },
  { name = "Sui" },
  { name = "util_packagev2" },
]

[[move.package]]
name = "util_packagev2"
source = { local = "G:\\autoChess\\move_v2\\util_package" }

dependencies = [
  { name = "MoveStdlib" },
  { name = "Sui" },
]

[move.toolchain-version]
compiler-version = "1.20.0"
edition = "legacy"
flavor = "sui"
