# @generated by Move, please check-in and do not edit manually.

[move]
version = 0
manifest_digest = "67B42A53F7A9E7D8E0795A250BA6D9096E463DAF4156022F94D0155092B7EE26"
deps_digest = "3C4103934B1E040BB6B23F1D610B4EF9F2F1166A50A104EADCF77467C004C600"

dependencies = [
  { name = "MoveStdlib" },
  { name = "Sui" },
]

[[move.package]]
name = "MoveStdlib"
source = { local = "G:\\autoChess\\framework\\move-stdlib" }

[[move.package]]
name = "Sui"
source = { local = "G:\\autoChess\\framework\\sui-framework" }

dependencies = [
  { name = "MoveStdlib" },
]

[move.toolchain-version]
compiler-version = "1.20.0"
edition = "legacy"
flavor = "sui"
