# @generated by Move, please check-in and do not edit manually.

[move]
version = 0
manifest_digest = "F989848D23E499C3BA3C32A38EF33C82C004442D0D58CEDD3B867BC4C1082BEB"
deps_digest = "3C4103934B1E040BB6B23F1D610B4EF9F2F1166A50A104EADCF77467C004C600"

dependencies = [
  { name = "MoveStdlib" },
  { name = "Sui" },
]

[[move.package]]
name = "MoveStdlib"
source = { git = "https://github.com/MystenLabs/sui.git", rev = "framework/mainnet", subdir = "crates\\sui-framework\\packages\\move-stdlib" }

[[move.package]]
name = "Sui"
source = { git = "https://github.com/MystenLabs/sui.git", rev = "framework/mainnet", subdir = "crates/sui-framework/packages/sui-framework" }

dependencies = [
  { name = "MoveStdlib" },
]

[move.toolchain-version]
compiler-version = "1.27.2"
edition = "legacy"
flavor = "sui"

[env]

[env.mainnet]
chain-id = "35834a8a"
original-published-id = "0xfcb7d5a9a0977ec7baa77058e7984c98eaa1f703ddd0912946b6f7ef01a53ac0"
latest-published-id = "0xfcb7d5a9a0977ec7baa77058e7984c98eaa1f703ddd0912946b6f7ef01a53ac0"
published-version = "1"
