# @generated by Move, please check-in and do not edit manually.

[move]
version = 0
manifest_digest = "A46401A118CDB6714BFD06AE1F79B68D6BB7D8B8CDCC30A286091AF176473E0F"
deps_digest = "3C4103934B1E040BB6B23F1D610B4EF9F2F1166A50A104EADCF77467C004C600"

dependencies = [
  { name = "MoveStdlib" },
  { name = "Sui" },
]

[[move.package]]
name = "MoveStdlib"
source = { git = "https://github.com/MystenLabs/sui.git", rev = "framework/mainnet", subdir = "crates\\sui-framework\\packages\\move-stdlib" }

[[move.package]]
name = "Sui"
source = { git = "https://github.com/MystenLabs/sui.git", rev = "framework/mainnet", subdir = "crates/sui-framework/packages/sui-framework" }

dependencies = [
  { name = "MoveStdlib" },
]

[move.toolchain-version]
compiler-version = "1.27.2"
edition = "legacy"
flavor = "sui"

[env]

[env.mainnet]
chain-id = "35834a8a"
original-published-id = "0x3dc7b97b2e06efe99a1292fe5fd0bec31b1cc6c0e38cb70e523722fb32e0c2c6"
latest-published-id = "0x3dc7b97b2e06efe99a1292fe5fd0bec31b1cc6c0e38cb70e523722fb32e0c2c6"
published-version = "1"
