# @generated by Move, please check-in and do not edit manually.

[move]
version = 0
manifest_digest = "FDCF7AC880EE1E80E6381DF7676F8DD891180DA22FF7C37E296A7DF98B188A33"
deps_digest = "060AD7E57DFB13104F21BE5F5C3759D03F0553FC3229247D9A7A6B45F50D03A3"

dependencies = [
  { name = "MoveStdlib" },
  { name = "Sui" },
  { name = "util_packagev3" },
]

[[move.package]]
name = "MoveStdlib"
source = { git = "https://github.com/MystenLabs/sui.git", rev = "framework/mainnet", subdir = "crates\\sui-framework\\packages\\move-stdlib" }

[[move.package]]
name = "Sui"
source = { git = "https://github.com/MystenLabs/sui.git", rev = "framework/mainnet", subdir = "crates/sui-framework/packages/sui-framework" }

dependencies = [
  { name = "MoveStdlib" },
]

[[move.package]]
name = "util_packagev3"
source = { local = "G:\\autoChess\\move_v3\\util_package" }

dependencies = [
  { name = "MoveStdlib" },
  { name = "Sui" },
]

[move.toolchain-version]
compiler-version = "1.27.2"
edition = "legacy"
flavor = "sui"

[env]

[env.mainnet]
chain-id = "35834a8a"
original-published-id = "0xaa13e45cddc2f18ca9e966d92b1c78953b3e0a745f383856f0550642c20373e0"
latest-published-id = "0xaa13e45cddc2f18ca9e966d92b1c78953b3e0a745f383856f0550642c20373e0"
published-version = "1"
