# @generated by Move, please check-in and do not edit manually.

[move]
version = 0
manifest_digest = "2E7F9CEBD1C9D8A1B91C7AF5E60071F8E92996CE3D0E69CC9E5FC4F8B46646DD"
deps_digest = "397E6A9F7A624706DBDFEE056CE88391A15876868FD18A88504DA74EB458D697"

dependencies = [
  { name = "MoveStdlib" },
  { name = "Sui" },
  { name = "lineup_package" },
  { name = "role_package" },
  { name = "util_package" },
]

[[move.package]]
name = "MoveStdlib"
source = { local = "G:\\autoChess\\move_split\\move-stdlib" }

[[move.package]]
name = "Sui"
source = { local = "G:\\autoChess\\move_split\\sui-framework" }

dependencies = [
  { name = "MoveStdlib" },
]

[[move.package]]
name = "lineup_package"
source = { local = "G:\\autoChess\\move_split\\lineup_package" }

dependencies = [
  { name = "MoveStdlib" },
  { name = "Sui" },
  { name = "role_package" },
  { name = "util_package" },
]

[[move.package]]
name = "role_package"
source = { local = "G:\\autoChess\\move_split\\role_package" }

dependencies = [
  { name = "MoveStdlib" },
  { name = "Sui" },
  { name = "util_package" },
]

[[move.package]]
name = "util_package"
source = { local = "G:\\autoChess\\move_split\\util_package" }

dependencies = [
  { name = "MoveStdlib" },
  { name = "Sui" },
]

[move.toolchain-version]
compiler-version = "1.20.0"
edition = "legacy"
flavor = "sui"
