# @generated by Move, please check-in and do not edit manually.

[move]
version = 0
manifest_digest = "56309BC762E3590028D2746D3474B35F8898BBF684D6AC2ECEC0688D9C73EA68"
deps_digest = "397E6A9F7A624706DBDFEE056CE88391A15876868FD18A88504DA74EB458D697"

dependencies = [
  { name = "MoveStdlib" },
  { name = "Sui" },
  { name = "lineup_packagev3" },
  { name = "role_packagev3" },
  { name = "util_packagev3" },
]

[[move.package]]
name = "MoveStdlib"
source = { local = "G:\\autoChess\\framework\\move-stdlib" }

[[move.package]]
name = "Sui"
source = { local = "G:\\autoChess\\framework\\sui-framework" }

dependencies = [
  { name = "MoveStdlib" },
]

[[move.package]]
name = "lineup_packagev3"
source = { local = "G:\\autoChess\\move_v3\\lineup_package" }

dependencies = [
  { name = "MoveStdlib" },
  { name = "Sui" },
  { name = "role_packagev3" },
  { name = "util_packagev3" },
]

[[move.package]]
name = "role_packagev3"
source = { local = "G:\\autoChess\\move_v3\\role_package" }

dependencies = [
  { name = "MoveStdlib" },
  { name = "Sui" },
  { name = "util_packagev3" },
]

[[move.package]]
name = "util_packagev3"
source = { local = "G:\\autoChess\\move_v3\\util_package" }

dependencies = [
  { name = "MoveStdlib" },
  { name = "Sui" },
]

[move.toolchain-version]
compiler-version = "1.20.0"
edition = "legacy"
flavor = "sui"
