# @generated by Move, please check-in and do not edit manually.

[move]
version = 0
manifest_digest = "0C576D9388EE1FCA086F1883ABFBEE30E4857B22E46A82AC54B304F32480327B"
deps_digest = "397E6A9F7A624706DBDFEE056CE88391A15876868FD18A88504DA74EB458D697"

dependencies = [
  { name = "MoveStdlib" },
  { name = "Sui" },
  { name = "lineup_packagev3" },
  { name = "role_packagev3" },
  { name = "util_packagev3" },
]

[[move.package]]
name = "MoveStdlib"
source = { git = "https://github.com/MystenLabs/sui.git", rev = "framework/mainnet", subdir = "crates\\sui-framework\\packages\\move-stdlib" }

[[move.package]]
name = "Sui"
source = { git = "https://github.com/MystenLabs/sui.git", rev = "framework/mainnet", subdir = "crates/sui-framework/packages/sui-framework" }

dependencies = [
  { name = "MoveStdlib" },
]

[[move.package]]
name = "lineup_packagev3"
source = { local = "G:\\autoChess\\move_v3\\lineup_package" }

dependencies = [
  { name = "MoveStdlib" },
  { name = "Sui" },
  { name = "role_packagev3" },
  { name = "util_packagev3" },
]

[[move.package]]
name = "role_packagev3"
source = { local = "G:\\autoChess\\move_v3\\role_package" }

dependencies = [
  { name = "MoveStdlib" },
  { name = "Sui" },
  { name = "util_packagev3" },
]

[[move.package]]
name = "util_packagev3"
source = { local = "G:\\autoChess\\move_v3\\util_package" }

dependencies = [
  { name = "MoveStdlib" },
  { name = "Sui" },
]

[move.toolchain-version]
compiler-version = "1.27.2"
edition = "legacy"
flavor = "sui"

[env]

[env.mainnet]
chain-id = "35834a8a"
original-published-id = "0x6fc5b39e797c23448dec88686050b0d2933dadaba397c7d9a39153cc23ad076f"
latest-published-id = "0x6fc5b39e797c23448dec88686050b0d2933dadaba397c7d9a39153cc23ad076f"
published-version = "1"
