# @generated by Move, please check-in and do not edit manually.

[move]
version = 0
manifest_digest = "033CC6D2573E28E5427570BC4BF89956B4A38E0B96CA6A4A387CDC86C5FAB954"
deps_digest = "397E6A9F7A624706DBDFEE056CE88391A15876868FD18A88504DA74EB458D697"

dependencies = [
  { name = "MoveStdlib" },
  { name = "Sui" },
  { name = "lineup_packagev3" },
  { name = "role_packagev3" },
  { name = "util_packagev3" },
]

[[move.package]]
name = "MoveStdlib"
source = { git = "https://github.com/MystenLabs/sui.git", rev = "framework/mainnet", subdir = "crates\\sui-framework\\packages\\move-stdlib" }

[[move.package]]
name = "Sui"
source = { git = "https://github.com/MystenLabs/sui.git", rev = "framework/mainnet", subdir = "crates/sui-framework/packages/sui-framework" }

dependencies = [
  { name = "MoveStdlib" },
]

[[move.package]]
name = "lineup_packagev3"
source = { local = "G:\\autoChess\\move_v3\\lineup_package" }

dependencies = [
  { name = "MoveStdlib" },
  { name = "Sui" },
  { name = "role_packagev3" },
  { name = "util_packagev3" },
]

[[move.package]]
name = "role_packagev3"
source = { local = "G:\\autoChess\\move_v3\\role_package" }

dependencies = [
  { name = "MoveStdlib" },
  { name = "Sui" },
  { name = "util_packagev3" },
]

[[move.package]]
name = "util_packagev3"
source = { local = "G:\\autoChess\\move_v3\\util_package" }

dependencies = [
  { name = "MoveStdlib" },
  { name = "Sui" },
]

[move.toolchain-version]
compiler-version = "1.27.2"
edition = "legacy"
flavor = "sui"

[env]

[env.mainnet]
chain-id = "35834a8a"
original-published-id = "0x403402d86e16ff3dc413de207ee246a2af8b01fe04ed04584d945457c0653041"
latest-published-id = "0x403402d86e16ff3dc413de207ee246a2af8b01fe04ed04584d945457c0653041"
published-version = "1"
