# @generated by Move, please check-in and do not edit manually.

[move]
version = 0
manifest_digest = "355D49C881F6DE103A7BB9F25ADA0DFC6B146B927DF4C1777EB09A8627341114"
deps_digest = "04732BFEF428F74DE262001DC455D76B909EBC394B034A9A15CC095E4BDD9CEF"

dependencies = [
  { name = "MoveStdlib" },
  { name = "Sui" },
  { name = "challenge_packagev2" },
  { name = "chess_package_main" },
  { name = "fight_packagev2" },
  { name = "lineup_packagev2" },
  { name = "role_packagev2" },
  { name = "util_packagev2" },
]

[[move.package]]
name = "MoveStdlib"
source = { local = "G:\\autoChess\\move_split\\move-stdlib" }

[[move.package]]
name = "Sui"
source = { local = "G:\\autoChess\\move_split\\sui-framework" }

dependencies = [
  { name = "MoveStdlib" },
]

[[move.package]]
name = "challenge_packagev2"
source = { local = "G:\\autoChess\\myMoveVersion\\myMoveVersion\\challenge_package" }

dependencies = [
  { name = "MoveStdlib" },
  { name = "Sui" },
  { name = "lineup_packagev2" },
  { name = "role_packagev2" },
  { name = "util_packagev2" },
]

[[move.package]]
name = "chess_package_main"
source = { local = "G:\\autoChess\\move_split\\chess_package_main" }

dependencies = [
  { name = "MoveStdlib" },
  { name = "Sui" },
  { name = "fight_package" },
  { name = "lineup_package" },
  { name = "role_package" },
  { name = "util_package" },
  { name = "verify_package" },
]

[[move.package]]
name = "fight_package"
source = { local = "G:\\autoChess\\move_split\\fight_package" }

dependencies = [
  { name = "MoveStdlib" },
  { name = "Sui" },
  { name = "lineup_package" },
  { name = "role_package" },
  { name = "util_package" },
]

[[move.package]]
name = "fight_packagev2"
source = { local = "G:\\autoChess\\myMoveVersion\\myMoveVersion\\fight_package" }

dependencies = [
  { name = "MoveStdlib" },
  { name = "Sui" },
  { name = "lineup_packagev2" },
  { name = "role_packagev2" },
  { name = "util_packagev2" },
]

[[move.package]]
name = "lineup_package"
source = { local = "G:\\autoChess\\move_split\\lineup_package" }

dependencies = [
  { name = "MoveStdlib" },
  { name = "Sui" },
  { name = "role_package" },
  { name = "util_package" },
]

[[move.package]]
name = "lineup_packagev2"
source = { local = "G:\\autoChess\\myMoveVersion\\myMoveVersion\\lineup_package" }

dependencies = [
  { name = "MoveStdlib" },
  { name = "Sui" },
  { name = "role_packagev2" },
  { name = "util_packagev2" },
]

[[move.package]]
name = "role_package"
source = { local = "G:\\autoChess\\move_split\\role_package" }

dependencies = [
  { name = "MoveStdlib" },
  { name = "Sui" },
  { name = "util_package" },
]

[[move.package]]
name = "role_packagev2"
source = { local = "G:\\autoChess\\myMoveVersion\\myMoveVersion\\role_package" }

dependencies = [
  { name = "MoveStdlib" },
  { name = "Sui" },
  { name = "util_packagev2" },
]

[[move.package]]
name = "util_package"
source = { local = "G:\\autoChess\\move_split\\util_package" }

dependencies = [
  { name = "MoveStdlib" },
  { name = "Sui" },
]

[[move.package]]
name = "util_packagev2"
source = { local = "G:\\autoChess\\myMoveVersion\\myMoveVersion\\util_package" }

dependencies = [
  { name = "MoveStdlib" },
  { name = "Sui" },
]

[[move.package]]
name = "verify_package"
source = { local = "G:\\autoChess\\move_split\\verify_package" }

dependencies = [
  { name = "MoveStdlib" },
  { name = "Sui" },
  { name = "lineup_package" },
  { name = "role_package" },
  { name = "util_package" },
]

[move.toolchain-version]
compiler-version = "1.20.0"
edition = "legacy"
flavor = "sui"
