# @generated by Move, please check-in and do not edit manually.

[move]
version = 0
manifest_digest = "378F9D09A7C035DCBB88EB8FEBFE1AA4BDF44E1752CB7D6911B731EE03F88797"
deps_digest = "060AD7E57DFB13104F21BE5F5C3759D03F0553FC3229247D9A7A6B45F50D03A3"

dependencies = [
  { name = "MoveStdlib" },
  { name = "Sui" },
  { name = "chess_package_main" },
]

[[move.package]]
name = "MoveStdlib"
source = { local = "G:\\autoChess\\move_split\\move-stdlib" }

[[move.package]]
name = "Sui"
source = { local = "G:\\autoChess\\move_split\\sui-framework" }

dependencies = [
  { name = "MoveStdlib" },
]

[[move.package]]
name = "chess_package_main"
source = { local = "G:\\autoChess\\move_v1\\chess_package_main" }

dependencies = [
  { name = "MoveStdlib" },
  { name = "Sui" },
  { name = "fight_package" },
  { name = "lineup_package" },
  { name = "role_package" },
  { name = "util_package" },
  { name = "verify_package" },
]

[[move.package]]
name = "fight_package"
source = { local = "G:\\autoChess\\move_split\\fight_package" }

dependencies = [
  { name = "MoveStdlib" },
  { name = "Sui" },
  { name = "lineup_package" },
  { name = "role_package" },
  { name = "util_package" },
]

[[move.package]]
name = "lineup_package"
source = { local = "G:\\autoChess\\move_split\\lineup_package" }

dependencies = [
  { name = "MoveStdlib" },
  { name = "Sui" },
  { name = "role_package" },
  { name = "util_package" },
]

[[move.package]]
name = "role_package"
source = { local = "G:\\autoChess\\move_split\\role_package" }

dependencies = [
  { name = "MoveStdlib" },
  { name = "Sui" },
  { name = "util_package" },
]

[[move.package]]
name = "util_package"
source = { local = "G:\\autoChess\\move_split\\util_package" }

dependencies = [
  { name = "MoveStdlib" },
  { name = "Sui" },
]

[[move.package]]
name = "verify_package"
source = { local = "G:\\autoChess\\move_split\\verify_package" }

dependencies = [
  { name = "MoveStdlib" },
  { name = "Sui" },
  { name = "lineup_package" },
  { name = "role_package" },
  { name = "util_package" },
]
