# @generated by Move, please check-in and do not edit manually.

[move]
version = 0
manifest_digest = "1B37F0D0E03666025CA16D18195E2C5814A72CD0468A737CF2CCFA8F04DCB6A3"
deps_digest = "F9B494B64F0615AED0E98FC12A85B85ECD2BC5185C22D30E7F67786BB52E507C"

dependencies = [
  { name = "MoveStdlib" },
  { name = "Sui" },
  { name = "role_packagev3" },
  { name = "util_packagev3" },
]

[[move.package]]
name = "MoveStdlib"
source = { git = "https://github.com/MystenLabs/sui.git", rev = "framework/mainnet", subdir = "crates\\sui-framework\\packages\\move-stdlib" }

[[move.package]]
name = "Sui"
source = { git = "https://github.com/MystenLabs/sui.git", rev = "framework/mainnet", subdir = "crates/sui-framework/packages/sui-framework" }

dependencies = [
  { name = "MoveStdlib" },
]

[[move.package]]
name = "role_packagev3"
source = { local = "G:\\autoChess\\move_v3\\role_package" }

dependencies = [
  { name = "MoveStdlib" },
  { name = "Sui" },
  { name = "util_packagev3" },
]

[[move.package]]
name = "util_packagev3"
source = { local = "G:\\autoChess\\move_v3\\util_package" }

dependencies = [
  { name = "MoveStdlib" },
  { name = "Sui" },
]

[move.toolchain-version]
compiler-version = "1.27.2"
edition = "legacy"
flavor = "sui"

[env]

[env.mainnet]
chain-id = "35834a8a"
original-published-id = "0x6e704f4fcdc267b0e01ae244bf740f99a9f5bfaa08c105ad7294d0dbba1a33e2"
latest-published-id = "0x6e704f4fcdc267b0e01ae244bf740f99a9f5bfaa08c105ad7294d0dbba1a33e2"
published-version = "1"
