# @generated by Move, please check-in and do not edit manually.

[move]
version = 0
manifest_digest = "9F92876BC66130A7338EBA887B3F64C541BA04780CCBC3292E9984E031632BD7"
deps_digest = "397E6A9F7A624706DBDFEE056CE88391A15876868FD18A88504DA74EB458D697"

dependencies = [
  { name = "MoveStdlib" },
  { name = "Sui" },
  { name = "lineup_package" },
  { name = "role_package" },
  { name = "util_package" },
]

[[move.package]]
name = "MoveStdlib"
source = { local = "G:\\autoChess\\move_v1\\move-stdlib" }

[[move.package]]
name = "Sui"
source = { local = "G:\\autoChess\\move_v1\\sui-framework" }

dependencies = [
  { name = "MoveStdlib" },
]

[[move.package]]
name = "lineup_package"
source = { local = "G:\\autoChess\\move_v1\\lineup_package" }

dependencies = [
  { name = "MoveStdlib" },
  { name = "Sui" },
  { name = "role_package" },
  { name = "util_package" },
]

[[move.package]]
name = "role_package"
source = { local = "G:\\autoChess\\move_v1\\role_package" }

dependencies = [
  { name = "MoveStdlib" },
  { name = "Sui" },
  { name = "util_package" },
]

[[move.package]]
name = "util_package"
source = { local = "G:\\autoChess\\move_v1\\util_package" }

dependencies = [
  { name = "MoveStdlib" },
  { name = "Sui" },
]

[move.toolchain-version]
compiler-version = "1.20.0"
edition = "legacy"
flavor = "sui"
