# @generated by Move, please check-in and do not edit manually.

[move]
version = 0
manifest_digest = "88B1D9513FCA6483211065AB6D9B85A8858822050233C16860147438D5F0D49B"
deps_digest = "8227D341C0550A37580C10FA45FE148A465225149C69D179737E0FE454AD6AEC"

dependencies = [
  { name = "MoveStdlib" },
  { name = "Sui" },
  { name = "challenge_packagev3" },
  { name = "chess_package_main" },
  { name = "fight_packagev3" },
  { name = "item_packagev3" },
  { name = "lineup_packagev3" },
  { name = "role_packagev3" },
  { name = "util_packagev3" },
]

[[move.package]]
name = "MoveStdlib"
source = { local = "G:\\autoChess\\framework\\move-stdlib" }

[[move.package]]
name = "Sui"
source = { local = "G:\\autoChess\\framework\\sui-framework" }

dependencies = [
  { name = "MoveStdlib" },
]

[[move.package]]
name = "challenge_packagev3"
source = { local = "G:\\autoChess\\move_v3\\challenge_package" }

dependencies = [
  { name = "MoveStdlib" },
  { name = "Sui" },
  { name = "lineup_packagev3" },
  { name = "role_packagev3" },
  { name = "util_packagev3" },
]

[[move.package]]
name = "chess_package_main"
source = { local = "G:\\autoChess\\move_v1\\chess_package_main" }

dependencies = [
  { name = "MoveStdlib" },
  { name = "Sui" },
  { name = "fight_package" },
  { name = "lineup_package" },
  { name = "role_package" },
  { name = "util_package" },
  { name = "verify_package" },
]

[[move.package]]
name = "fight_package"
source = { local = "G:\\autoChess\\move_v1\\fight_package" }

dependencies = [
  { name = "MoveStdlib" },
  { name = "Sui" },
  { name = "lineup_package" },
  { name = "role_package" },
  { name = "util_package" },
]

[[move.package]]
name = "fight_packagev3"
source = { local = "G:\\autoChess\\move_v3\\fight_package" }

dependencies = [
  { name = "MoveStdlib" },
  { name = "Sui" },
  { name = "role_packagev3" },
  { name = "util_packagev3" },
]

[[move.package]]
name = "item_packagev3"
source = { local = "G:\\autoChess\\move_v3\\item_package" }

dependencies = [
  { name = "MoveStdlib" },
  { name = "Sui" },
  { name = "role_packagev3" },
  { name = "util_packagev3" },
]

[[move.package]]
name = "lineup_package"
source = { local = "G:\\autoChess\\move_v1\\lineup_package" }

dependencies = [
  { name = "MoveStdlib" },
  { name = "Sui" },
  { name = "role_package" },
  { name = "util_package" },
]

[[move.package]]
name = "lineup_packagev3"
source = { local = "G:\\autoChess\\move_v3\\lineup_package" }

dependencies = [
  { name = "MoveStdlib" },
  { name = "Sui" },
  { name = "role_packagev3" },
  { name = "util_packagev3" },
]

[[move.package]]
name = "role_package"
source = { local = "G:\\autoChess\\move_v1\\role_package" }

dependencies = [
  { name = "MoveStdlib" },
  { name = "Sui" },
  { name = "util_package" },
]

[[move.package]]
name = "role_packagev3"
source = { local = "G:\\autoChess\\move_v3\\role_package" }

dependencies = [
  { name = "MoveStdlib" },
  { name = "Sui" },
  { name = "util_packagev3" },
]

[[move.package]]
name = "util_package"
source = { local = "G:\\autoChess\\move_v1\\util_package" }

dependencies = [
  { name = "MoveStdlib" },
  { name = "Sui" },
]

[[move.package]]
name = "util_packagev3"
source = { local = "G:\\autoChess\\move_v3\\util_package" }

dependencies = [
  { name = "MoveStdlib" },
  { name = "Sui" },
]

[[move.package]]
name = "verify_package"
source = { local = "G:\\autoChess\\move_v1\\verify_package" }

dependencies = [
  { name = "MoveStdlib" },
  { name = "Sui" },
  { name = "lineup_package" },
  { name = "role_package" },
  { name = "util_package" },
]

[move.toolchain-version]
compiler-version = "1.20.0"
edition = "legacy"
flavor = "sui"
