# @generated by Move, please check-in and do not edit manually.

[move]
version = 0
manifest_digest = "B0190AD1170D43215DC0EB3489E413C0DEDB3D721FDB9F2022A5E05534B697DD"
deps_digest = "04732BFEF428F74DE262001DC455D76B909EBC394B034A9A15CC095E4BDD9CEF"

dependencies = [
  { name = "MoveStdlib" },
  { name = "Sui" },
  { name = "challenge_packagev3" },
  { name = "fight_packagev3" },
  { name = "item_packagev3" },
  { name = "lineup_packagev3" },
  { name = "role_packagev3" },
  { name = "util_packagev3" },
]

[[move.package]]
name = "MoveStdlib"
source = { git = "https://github.com/MystenLabs/sui.git", rev = "framework/mainnet", subdir = "crates\\sui-framework\\packages\\move-stdlib" }

[[move.package]]
name = "Sui"
source = { git = "https://github.com/MystenLabs/sui.git", rev = "framework/mainnet", subdir = "crates/sui-framework/packages/sui-framework" }

dependencies = [
  { name = "MoveStdlib" },
]

[[move.package]]
name = "challenge_packagev3"
source = { local = "G:\\autoChess\\move_v3\\challenge_package" }

dependencies = [
  { name = "MoveStdlib" },
  { name = "Sui" },
  { name = "lineup_packagev3" },
  { name = "role_packagev3" },
  { name = "util_packagev3" },
]

[[move.package]]
name = "fight_packagev3"
source = { local = "G:\\autoChess\\move_v3\\fight_package" }

dependencies = [
  { name = "MoveStdlib" },
  { name = "Sui" },
  { name = "role_packagev3" },
  { name = "util_packagev3" },
]

[[move.package]]
name = "item_packagev3"
source = { local = "G:\\autoChess\\move_v3\\item_package" }

dependencies = [
  { name = "MoveStdlib" },
  { name = "Sui" },
  { name = "role_packagev3" },
  { name = "util_packagev3" },
]

[[move.package]]
name = "lineup_packagev3"
source = { local = "G:\\autoChess\\move_v3\\lineup_package" }

dependencies = [
  { name = "MoveStdlib" },
  { name = "Sui" },
  { name = "role_packagev3" },
  { name = "util_packagev3" },
]

[[move.package]]
name = "role_packagev3"
source = { local = "G:\\autoChess\\move_v3\\role_package" }

dependencies = [
  { name = "MoveStdlib" },
  { name = "Sui" },
  { name = "util_packagev3" },
]

[[move.package]]
name = "util_packagev3"
source = { local = "G:\\autoChess\\move_v3\\util_package" }

dependencies = [
  { name = "MoveStdlib" },
  { name = "Sui" },
]

[move.toolchain-version]
compiler-version = "1.27.2"
edition = "legacy"
flavor = "sui"

[env]

[env.mainnet]
chain-id = "35834a8a"
original-published-id = "0x0746423a750af6faaa93c7f12e2820d7a0c284859f44fee9a94756fd43671253"
latest-published-id = "0x0746423a750af6faaa93c7f12e2820d7a0c284859f44fee9a94756fd43671253"
published-version = "1"
