# @generated by Move, please check-in and do not edit manually.

[move]
version = 0
manifest_digest = "C60E86ADDF4DC0DA46C83A21E4EC0E43EDD67E8EA3B651460B5B96EFD119FAD8"
deps_digest = "04732BFEF428F74DE262001DC455D76B909EBC394B034A9A15CC095E4BDD9CEF"

dependencies = [
  { name = "MoveStdlib" },
  { name = "Sui" },
  { name = "challenge_packagev3" },
  { name = "fight_packagev3" },
  { name = "item_packagev3" },
  { name = "lineup_packagev3" },
  { name = "role_packagev3" },
  { name = "util_packagev3" },
]

[[move.package]]
name = "MoveStdlib"
source = { git = "https://github.com/MystenLabs/sui.git", rev = "framework/mainnet", subdir = "crates\\sui-framework\\packages\\move-stdlib" }

[[move.package]]
name = "Sui"
source = { git = "https://github.com/MystenLabs/sui.git", rev = "framework/mainnet", subdir = "crates/sui-framework/packages/sui-framework" }

dependencies = [
  { name = "MoveStdlib" },
]

[[move.package]]
name = "challenge_packagev3"
source = { local = "G:\\autoChess\\move_v3\\challenge_package" }

dependencies = [
  { name = "MoveStdlib" },
  { name = "Sui" },
  { name = "lineup_packagev3" },
  { name = "role_packagev3" },
  { name = "util_packagev3" },
]

[[move.package]]
name = "fight_packagev3"
source = { local = "G:\\autoChess\\move_v3\\fight_package" }

dependencies = [
  { name = "MoveStdlib" },
  { name = "Sui" },
  { name = "role_packagev3" },
  { name = "util_packagev3" },
]

[[move.package]]
name = "item_packagev3"
source = { local = "G:\\autoChess\\move_v3\\item_package" }

dependencies = [
  { name = "MoveStdlib" },
  { name = "Sui" },
  { name = "role_packagev3" },
  { name = "util_packagev3" },
]

[[move.package]]
name = "lineup_packagev3"
source = { local = "G:\\autoChess\\move_v3\\lineup_package" }

dependencies = [
  { name = "MoveStdlib" },
  { name = "Sui" },
  { name = "role_packagev3" },
  { name = "util_packagev3" },
]

[[move.package]]
name = "role_packagev3"
source = { local = "G:\\autoChess\\move_v3\\role_package" }

dependencies = [
  { name = "MoveStdlib" },
  { name = "Sui" },
  { name = "util_packagev3" },
]

[[move.package]]
name = "util_packagev3"
source = { local = "G:\\autoChess\\move_v3\\util_package" }

dependencies = [
  { name = "MoveStdlib" },
  { name = "Sui" },
]

[move.toolchain-version]
compiler-version = "1.27.2"
edition = "legacy"
flavor = "sui"

[env]

[env.mainnet]
chain-id = "35834a8a"
original-published-id = "0x8572ff8c709a3d28723b665ba6d35aacc0040486349285515521b63d18f770c1"
latest-published-id = "0x8572ff8c709a3d28723b665ba6d35aacc0040486349285515521b63d18f770c1"
published-version = "1"
