# @generated by Move, please check-in and do not edit manually.

[move]
version = 0
manifest_digest = "8D628B2D10A54CF0138261DBC848A153468B2B021A2A4453122FFFB8278AD74C"
deps_digest = "397E6A9F7A624706DBDFEE056CE88391A15876868FD18A88504DA74EB458D697"

dependencies = [
  { name = "MoveStdlib" },
  { name = "Sui" },
  { name = "lineup_package" },
  { name = "role_package" },
  { name = "util_package" },
]

[[move.package]]
name = "MoveStdlib"
source = { local = "/Users/siminxie/sui_dev/autoChess/myMoveVersion/move-stdlib" }

[[move.package]]
name = "Sui"
source = { local = "/Users/siminxie/sui_dev/autoChess/myMoveVersion/sui-framework" }

dependencies = [
  { name = "MoveStdlib" },
]

[[move.package]]
name = "lineup_package"
source = { local = "/Users/siminxie/sui_dev/autoChess/myMoveVersion/lineup_package" }

dependencies = [
  { name = "MoveStdlib" },
  { name = "Sui" },
  { name = "role_package" },
  { name = "util_package" },
]

[[move.package]]
name = "role_package"
source = { local = "/Users/siminxie/sui_dev/autoChess/myMoveVersion/role_package" }

dependencies = [
  { name = "MoveStdlib" },
  { name = "Sui" },
  { name = "util_package" },
]

[[move.package]]
name = "util_package"
source = { local = "/Users/siminxie/sui_dev/autoChess/myMoveVersion/util_package" }

dependencies = [
  { name = "MoveStdlib" },
  { name = "Sui" },
]

[move.toolchain-version]
compiler-version = "1.18.0"
edition = "legacy"
flavor = "sui"
