# @generated by Move, please check-in and do not edit manually.

[move]
version = 0
manifest_digest = "9115445634CE85908A39F08458A4B813183B2B3D1FDB76290E208A280DADC325"
deps_digest = "04732BFEF428F74DE262001DC455D76B909EBC394B034A9A15CC095E4BDD9CEF"

dependencies = [
  { name = "MoveStdlib" },
  { name = "Sui" },
  { name = "challenge_packagev2" },
  { name = "chess_package_main" },
  { name = "fight_packagev2" },
  { name = "lineup_packagev2" },
  { name = "role_packagev2" },
  { name = "util_packagev2" },
]

[[move.package]]
name = "MoveStdlib"
source = { local = "G:\\autoChess\\framework\\move-stdlib" }

[[move.package]]
name = "Sui"
source = { local = "G:\\autoChess\\framework\\sui-framework" }

dependencies = [
  { name = "MoveStdlib" },
]

[[move.package]]
name = "challenge_packagev2"
source = { local = "G:\\autoChess\\move_v2\\challenge_package" }

dependencies = [
  { name = "MoveStdlib" },
  { name = "Sui" },
  { name = "lineup_packagev2" },
  { name = "role_packagev2" },
  { name = "util_packagev2" },
]

[[move.package]]
name = "chess_package_main"
source = { local = "G:\\autoChess\\move_v1\\chess_package_main" }

dependencies = [
  { name = "MoveStdlib" },
  { name = "Sui" },
  { name = "fight_package" },
  { name = "lineup_package" },
  { name = "role_package" },
  { name = "util_package" },
  { name = "verify_package" },
]

[[move.package]]
name = "fight_package"
source = { local = "G:\\autoChess\\move_v1\\fight_package" }

dependencies = [
  { name = "MoveStdlib" },
  { name = "Sui" },
  { name = "lineup_package" },
  { name = "role_package" },
  { name = "util_package" },
]

[[move.package]]
name = "fight_packagev2"
source = { local = "G:\\autoChess\\move_v2\\fight_package" }

dependencies = [
  { name = "MoveStdlib" },
  { name = "Sui" },
  { name = "lineup_packagev2" },
  { name = "role_packagev2" },
  { name = "util_packagev2" },
]

[[move.package]]
name = "lineup_package"
source = { local = "G:\\autoChess\\move_v1\\lineup_package" }

dependencies = [
  { name = "MoveStdlib" },
  { name = "Sui" },
  { name = "role_package" },
  { name = "util_package" },
]

[[move.package]]
name = "lineup_packagev2"
source = { local = "G:\\autoChess\\move_v2\\lineup_package" }

dependencies = [
  { name = "MoveStdlib" },
  { name = "Sui" },
  { name = "role_packagev2" },
  { name = "util_packagev2" },
]

[[move.package]]
name = "role_package"
source = { local = "G:\\autoChess\\move_v1\\role_package" }

dependencies = [
  { name = "MoveStdlib" },
  { name = "Sui" },
  { name = "util_package" },
]

[[move.package]]
name = "role_packagev2"
source = { local = "G:\\autoChess\\move_v2\\role_package" }

dependencies = [
  { name = "MoveStdlib" },
  { name = "Sui" },
  { name = "util_packagev2" },
]

[[move.package]]
name = "util_package"
source = { local = "G:\\autoChess\\move_v1\\util_package" }

dependencies = [
  { name = "MoveStdlib" },
  { name = "Sui" },
]

[[move.package]]
name = "util_packagev2"
source = { local = "G:\\autoChess\\move_v2\\util_package" }

dependencies = [
  { name = "MoveStdlib" },
  { name = "Sui" },
]

[[move.package]]
name = "verify_package"
source = { local = "G:\\autoChess\\move_v1\\verify_package" }

dependencies = [
  { name = "MoveStdlib" },
  { name = "Sui" },
  { name = "lineup_package" },
  { name = "role_package" },
  { name = "util_package" },
]

[move.toolchain-version]
compiler-version = "1.20.0"
edition = "legacy"
flavor = "sui"
