# @generated by Move, please check-in and do not edit manually.

[move]
version = 0
manifest_digest = "15DAE0B727E5EE70772D4FFD496ABABD23E4FA748D60CD62D18581051F99171D"
deps_digest = "060AD7E57DFB13104F21BE5F5C3759D03F0553FC3229247D9A7A6B45F50D03A3"

dependencies = [
  { name = "MoveStdlib" },
  { name = "Sui" },
  { name = "util_packagev2" },
]

[[move.package]]
name = "MoveStdlib"
source = { local = "G:\\autoChess\\framework\\move-stdlib" }

[[move.package]]
name = "Sui"
source = { local = "G:\\autoChess\\framework\\sui-framework" }

dependencies = [
  { name = "MoveStdlib" },
]

[[move.package]]
name = "util_packagev2"
source = { local = "G:\\autoChess\\move_v2\\util_package" }

dependencies = [
  { name = "MoveStdlib" },
  { name = "Sui" },
]
