# @generated by Move, please check-in and do not edit manually.

[move]
version = 0
manifest_digest = "E46E02DF331F5086723212AA10997B9D7A902E12912EECD964376D694D16EA11"
deps_digest = "3C4103934B1E040BB6B23F1D610B4EF9F2F1166A50A104EADCF77467C004C600"

dependencies = [
  { name = "MoveStdlib" },
  { name = "Sui" },
]

[[move.package]]
name = "MoveStdlib"
source = { local = "/Users/siminxie/sui_dev/autoChess/myMoveVersion/move-stdlib" }

[[move.package]]
name = "Sui"
source = { local = "/Users/siminxie/sui_dev/autoChess/myMoveVersion/sui-framework" }

dependencies = [
  { name = "MoveStdlib" },
]

[move.toolchain-version]
compiler-version = "1.18.0"
edition = "legacy"
flavor = "sui"
