# @generated by Move, please check-in and do not edit manually.

[move]
version = 0
manifest_digest = "33A1B9CD2FDE18DF75B10473B0E956CFA43DA1D580A81F5C830CBA69B9BC174B"
deps_digest = "397E6A9F7A624706DBDFEE056CE88391A15876868FD18A88504DA74EB458D697"

dependencies = [
  { name = "MoveStdlib" },
  { name = "Sui" },
  { name = "lineup_packagev2" },
  { name = "role_packagev2" },
  { name = "util_packagev2" },
]

[[move.package]]
name = "MoveStdlib"
source = { local = "G:\\autoChess\\framework\\move-stdlib" }

[[move.package]]
name = "Sui"
source = { local = "G:\\autoChess\\framework\\sui-framework" }

dependencies = [
  { name = "MoveStdlib" },
]

[[move.package]]
name = "lineup_packagev2"
source = { local = "G:\\autoChess\\move_v2\\lineup_package" }

dependencies = [
  { name = "MoveStdlib" },
  { name = "Sui" },
  { name = "role_packagev2" },
  { name = "util_packagev2" },
]

[[move.package]]
name = "role_packagev2"
source = { local = "G:\\autoChess\\move_v2\\role_package" }

dependencies = [
  { name = "MoveStdlib" },
  { name = "Sui" },
  { name = "util_packagev2" },
]

[[move.package]]
name = "util_packagev2"
source = { local = "G:\\autoChess\\move_v2\\util_package" }

dependencies = [
  { name = "MoveStdlib" },
  { name = "Sui" },
]

[move.toolchain-version]
compiler-version = "1.20.0"
edition = "legacy"
flavor = "sui"
